
Microsoft Visual Studio Solution File, Format Version 12.00
# Visual Studio Version 17
VisualStudioVersion = 17.8.34309.116
MinimumVisualStudioVersion = 10.0.40219.1
Project("{FAE04EC0-301F-11D3-BF4B-00C04F79EFBC}") = "Wheatly", "Wheatly\Wheatly.csproj", "{1321E0CD-C4A8-4858-9CC6-9897970C59E8}"
EndProject
Global
	GlobalSection(SolutionConfigurationPlatforms) = preSolution
		Debug|Any CPU = Debug|Any CPU
		Release|Any CPU = Release|Any CPU
	EndGlobalSection
	GlobalSection(ProjectConfigurationPlatforms) = postSolution
		{1321E0CD-C4A8-4858-9CC6-9897970C59E8}.Debug|Any CPU.ActiveCfg = Debug|Any CPU
		{1321E0CD-C4A8-4858-9CC6-9897970C59E8}.Debug|Any CPU.Build.0 = Debug|Any CPU
		{1321E0CD-C4A8-4858-9CC6-9897970C59E8}.Release|Any CPU.ActiveCfg = Release|Any CPU
		{1321E0CD-C4A8-4858-9CC6-9897970C59E8}.Release|Any CPU.Build.0 = Release|Any CPU
	EndGlobalSection
	GlobalSection(SolutionProperties) = preSolution
		HideSolutionNode = FALSE
	EndGlobalSection
	GlobalSection(ExtensibilityGlobals) = postSolution
		SolutionGuid = {5BBAE4E0-F335-4206-ABB6-87BA30D15737}
	EndGlobalSection
EndGlobal
